// !$*UTF8*$!
{
	archiveVersion = 1;
	classes = {
	};
	objectVersion = 46;
	objects = {

/* Begin PBXBuildFile section */
		400C80DA1E40D9E70025B1BC /* MapViewController.swift in Sources */ = {isa = PBXBuildFile; fileRef = 400C80D91E40D9E70025B1BC /* MapViewController.swift */; };
		400C80DC1E40DAE90025B1BC /* GoogleMapsBase.framework in Frameworks */ = {isa = PBXBuildFile; fileRef = 400C80DB1E40DAE90025B1BC /* GoogleMapsBase.framework */; };
		400C80DE1E40DB0B0025B1BC /* GoogleMaps.framework in Frameworks */ = {isa = PBXBuildFile; fileRef = 400C80DD1E40DB0B0025B1BC /* GoogleMaps.framework */; };
		400C80E01E40DB1E0025B1BC /* GoogleMapsCore.framework in Frameworks */ = {isa = PBXBuildFile; fileRef = 400C80DF1E40DB1E0025B1BC /* GoogleMapsCore.framework */; };
		400C80E21E40DB9B0025B1BC /* GoogleMaps.bundle in Resources */ = {isa = PBXBuildFile; fileRef = 400C80E11E40DB9B0025B1BC /* GoogleMaps.bundle */; };
		400C80E51E40DC500025B1BC /* Accelerate.framework in Frameworks */ = {isa = PBXBuildFile; fileRef = 400C80E41E40DC500025B1BC /* Accelerate.framework */; };
		400C80E71E40DC660025B1BC /* CoreData.framework in Frameworks */ = {isa = PBXBuildFile; fileRef = 400C80E61E40DC660025B1BC /* CoreData.framework */; };
		400C80E91E40DC750025B1BC /* CoreGraphics.framework in Frameworks */ = {isa = PBXBuildFile; fileRef = 400C80E81E40DC750025B1BC /* CoreGraphics.framework */; };
		400C80EB1E40DC800025B1BC /* CoreLocation.framework in Frameworks */ = {isa = PBXBuildFile; fileRef = 400C80EA1E40DC800025B1BC /* CoreLocation.framework */; };
		400C80ED1E40DC8A0025B1BC /* CoreText.framework in Frameworks */ = {isa = PBXBuildFile; fileRef = 400C80EC1E40DC8A0025B1BC /* CoreText.framework */; };
		400C80EF1E40DCB00025B1BC /* GLKit.framework in Frameworks */ = {isa = PBXBuildFile; fileRef = 400C80EE1E40DCB00025B1BC /* GLKit.framework */; };
		400C80F11E40DCB90025B1BC /* ImageIO.framework in Frameworks */ = {isa = PBXBuildFile; fileRef = 400C80F01E40DCB90025B1BC /* ImageIO.framework */; };
		400C80F31E40DCCB0025B1BC /* libc++.tbd in Frameworks */ = {isa = PBXBuildFile; fileRef = 400C80F21E40DCCB0025B1BC /* libc++.tbd */; };
		400C80F71E40DCDD0025B1BC /* libz.tbd in Frameworks */ = {isa = PBXBuildFile; fileRef = 400C80F61E40DCDD0025B1BC /* libz.tbd */; };
		400C80F91E40DCEA0025B1BC /* OpenGLES.framework in Frameworks */ = {isa = PBXBuildFile; fileRef = 400C80F81E40DCEA0025B1BC /* OpenGLES.framework */; };
		400C80FB1E40DCF30025B1BC /* QuartzCore.framework in Frameworks */ = {isa = PBXBuildFile; fileRef = 400C80FA1E40DCF30025B1BC /* QuartzCore.framework */; };
		400C80FD1E40DCFD0025B1BC /* SystemConfiguration.framework in Frameworks */ = {isa = PBXBuildFile; fileRef = 400C80FC1E40DCFD0025B1BC /* SystemConfiguration.framework */; };
		400C80FF1E40DD040025B1BC /* UIKit.framework in Frameworks */ = {isa = PBXBuildFile; fileRef = 400C80FE1E40DD040025B1BC /* UIKit.framework */; };
		40A3A95F1E3A923100316F51 /* AppDelegate.swift in Sources */ = {isa = PBXBuildFile; fileRef = 40A3A95E1E3A923100316F51 /* AppDelegate.swift */; };
		40A3A9661E3A923100316F51 /* Assets.xcassets in Resources */ = {isa = PBXBuildFile; fileRef = 40A3A9651E3A923100316F51 /* Assets.xcassets */; };
		40A3A9691E3A923100316F51 /* LaunchScreen.storyboard in Resources */ = {isa = PBXBuildFile; fileRef = 40A3A9671E3A923100316F51 /* LaunchScreen.storyboard */; };
		40A3A9711E3A927800316F51 /* TrackViewController.swift in Sources */ = {isa = PBXBuildFile; fileRef = 40A3A9701E3A927800316F51 /* TrackViewController.swift */; };
		40AF2B881E3FECDD002AC645 /* LocationData.swift in Sources */ = {isa = PBXBuildFile; fileRef = 40AF2B871E3FECDD002AC645 /* LocationData.swift */; };
		40AF2B8C1E3FF4AC002AC645 /* TrackTableViewCell.swift in Sources */ = {isa = PBXBuildFile; fileRef = 40AF2B8B1E3FF4AC002AC645 /* TrackTableViewCell.swift */; };
/* End PBXBuildFile section */

/* Begin PBXFileReference section */
		400C80D91E40D9E70025B1BC /* MapViewController.swift */ = {isa = PBXFileReference; fileEncoding = 4; lastKnownFileType = sourcecode.swift; path = MapViewController.swift; sourceTree = "<group>"; };
		400C80DB1E40DAE90025B1BC /* GoogleMapsBase.framework */ = {isa = PBXFileReference; lastKnownFileType = wrapper.framework; path = GoogleMapsBase.framework; sourceTree = "<group>"; };
		400C80DD1E40DB0B0025B1BC /* GoogleMaps.framework */ = {isa = PBXFileReference; lastKnownFileType = wrapper.framework; path = GoogleMaps.framework; sourceTree = "<group>"; };
		400C80DF1E40DB1E0025B1BC /* GoogleMapsCore.framework */ = {isa = PBXFileReference; lastKnownFileType = wrapper.framework; path = GoogleMapsCore.framework; sourceTree = "<group>"; };
		400C80E11E40DB9B0025B1BC /* GoogleMaps.bundle */ = {isa = PBXFileReference; lastKnownFileType = "wrapper.plug-in"; name = GoogleMaps.bundle; path = GoogleMaps.framework/Versions/A/Resources/GoogleMaps.bundle; sourceTree = "<group>"; };
		400C80E41E40DC500025B1BC /* Accelerate.framework */ = {isa = PBXFileReference; lastKnownFileType = wrapper.framework; name = Accelerate.framework; path = System/Library/Frameworks/Accelerate.framework; sourceTree = SDKROOT; };
		400C80E61E40DC660025B1BC /* CoreData.framework */ = {isa = PBXFileReference; lastKnownFileType = wrapper.framework; name = CoreData.framework; path = System/Library/Frameworks/CoreData.framework; sourceTree = SDKROOT; };
		400C80E81E40DC750025B1BC /* CoreGraphics.framework */ = {isa = PBXFileReference; lastKnownFileType = wrapper.framework; name = CoreGraphics.framework; path = System/Library/Frameworks/CoreGraphics.framework; sourceTree = SDKROOT; };
		400C80EA1E40DC800025B1BC /* CoreLocation.framework */ = {isa = PBXFileReference; lastKnownFileType = wrapper.framework; name = CoreLocation.framework; path = System/Library/Frameworks/CoreLocation.framework; sourceTree = SDKROOT; };
		400C80EC1E40DC8A0025B1BC /* CoreText.framework */ = {isa = PBXFileReference; lastKnownFileType = wrapper.framework; name = CoreText.framework; path = System/Library/Frameworks/CoreText.framework; sourceTree = SDKROOT; };
		400C80EE1E40DCB00025B1BC /* GLKit.framework */ = {isa = PBXFileReference; lastKnownFileType = wrapper.framework; name = GLKit.framework; path = System/Library/Frameworks/GLKit.framework; sourceTree = SDKROOT; };
		400C80F01E40DCB90025B1BC /* ImageIO.framework */ = {isa = PBXFileReference; lastKnownFileType = wrapper.framework; name = ImageIO.framework; path = System/Library/Frameworks/ImageIO.framework; sourceTree = SDKROOT; };
		400C80F21E40DCCB0025B1BC /* libc++.tbd */ = {isa = PBXFileReference; lastKnownFileType = "sourcecode.text-based-dylib-definition"; name = "libc++.tbd"; path = "usr/lib/libc++.tbd"; sourceTree = SDKROOT; };
		400C80F41E40DCD00025B1BC /* libc.tbd */ = {isa = PBXFileReference; lastKnownFileType = "sourcecode.text-based-dylib-definition"; name = libc.tbd; path = usr/lib/libc.tbd; sourceTree = SDKROOT; };
		400C80F61E40DCDD0025B1BC /* libz.tbd */ = {isa = PBXFileReference; lastKnownFileType = "sourcecode.text-based-dylib-definition"; name = libz.tbd; path = usr/lib/libz.tbd; sourceTree = SDKROOT; };
		400C80F81E40DCEA0025B1BC /* OpenGLES.framework */ = {isa = PBXFileReference; lastKnownFileType = wrapper.framework; name = OpenGLES.framework; path = System/Library/Frameworks/OpenGLES.framework; sourceTree = SDKROOT; };
		400C80FA1E40DCF30025B1BC /* QuartzCore.framework */ = {isa = PBXFileReference; lastKnownFileType = wrapper.framework; name = QuartzCore.framework; path = System/Library/Frameworks/QuartzCore.framework; sourceTree = SDKROOT; };
		400C80FC1E40DCFD0025B1BC /* SystemConfiguration.framework */ = {isa = PBXFileReference; lastKnownFileType = wrapper.framework; name = SystemConfiguration.framework; path = System/Library/Frameworks/SystemConfiguration.framework; sourceTree = SDKROOT; };
		400C80FE1E40DD040025B1BC /* UIKit.framework */ = {isa = PBXFileReference; lastKnownFileType = wrapper.framework; name = UIKit.framework; path = System/Library/Frameworks/UIKit.framework; sourceTree = SDKROOT; };
		40A3A95B1E3A923100316F51 /* MNazar.app */ = {isa = PBXFileReference; explicitFileType = wrapper.application; includeInIndex = 0; path = MNazar.app; sourceTree = BUILT_PRODUCTS_DIR; };
		40A3A95E1E3A923100316F51 /* AppDelegate.swift */ = {isa = PBXFileReference; lastKnownFileType = sourcecode.swift; path = AppDelegate.swift; sourceTree = "<group>"; };
		40A3A9651E3A923100316F51 /* Assets.xcassets */ = {isa = PBXFileReference; lastKnownFileType = folder.assetcatalog; path = Assets.xcassets; sourceTree = "<group>"; };
		40A3A9681E3A923100316F51 /* Base */ = {isa = PBXFileReference; lastKnownFileType = file.storyboard; name = Base; path = Base.lproj/LaunchScreen.storyboard; sourceTree = "<group>"; };
		40A3A96A1E3A923100316F51 /* Info.plist */ = {isa = PBXFileReference; lastKnownFileType = text.plist.xml; path = Info.plist; sourceTree = "<group>"; };
		40A3A9701E3A927800316F51 /* TrackViewController.swift */ = {isa = PBXFileReference; fileEncoding = 4; lastKnownFileType = sourcecode.swift; path = TrackViewController.swift; sourceTree = "<group>"; };
		40AF2B871E3FECDD002AC645 /* LocationData.swift */ = {isa = PBXFileReference; fileEncoding = 4; lastKnownFileType = sourcecode.swift; path = LocationData.swift; sourceTree = "<group>"; };
		40AF2B8B1E3FF4AC002AC645 /* TrackTableViewCell.swift */ = {isa = PBXFileReference; fileEncoding = 4; lastKnownFileType = sourcecode.swift; path = TrackTableViewCell.swift; sourceTree = "<group>"; };
/* End PBXFileReference section */

/* Begin PBXFrameworksBuildPhase section */
		40A3A9581E3A923000316F51 /* Frameworks */ = {
			isa = PBXFrameworksBuildPhase;
			buildActionMask = 2147483647;
			files = (
				400C80FF1E40DD040025B1BC /* UIKit.framework in Frameworks */,
				400C80FD1E40DCFD0025B1BC /* SystemConfiguration.framework in Frameworks */,
				400C80FB1E40DCF30025B1BC /* QuartzCore.framework in Frameworks */,
				400C80F91E40DCEA0025B1BC /* OpenGLES.framework in Frameworks */,
				400C80F71E40DCDD0025B1BC /* libz.tbd in Frameworks */,
				400C80F31E40DCCB0025B1BC /* libc++.tbd in Frameworks */,
				400C80F11E40DCB90025B1BC /* ImageIO.framework in Frameworks */,
				400C80EF1E40DCB00025B1BC /* GLKit.framework in Frameworks */,
				400C80ED1E40DC8A0025B1BC /* CoreText.framework in Frameworks */,
				400C80EB1E40DC800025B1BC /* CoreLocation.framework in Frameworks */,
				400C80E91E40DC750025B1BC /* CoreGraphics.framework in Frameworks */,
				400C80E71E40DC660025B1BC /* CoreData.framework in Frameworks */,
				400C80E51E40DC500025B1BC /* Accelerate.framework in Frameworks */,
				400C80DE1E40DB0B0025B1BC /* GoogleMaps.framework in Frameworks */,
				400C80E01E40DB1E0025B1BC /* GoogleMapsCore.framework in Frameworks */,
				400C80DC1E40DAE90025B1BC /* GoogleMapsBase.framework in Frameworks */,
			);
			runOnlyForDeploymentPostprocessing = 0;
		};
/* End PBXFrameworksBuildPhase section */

/* Begin PBXGroup section */
		400C80E31E40DC500025B1BC /* Frameworks */ = {
			isa = PBXGroup;
			children = (
				400C80FE1E40DD040025B1BC /* UIKit.framework */,
				400C80FC1E40DCFD0025B1BC /* SystemConfiguration.framework */,
				400C80FA1E40DCF30025B1BC /* QuartzCore.framework */,
				400C80F81E40DCEA0025B1BC /* OpenGLES.framework */,
				400C80F61E40DCDD0025B1BC /* libz.tbd */,
				400C80F41E40DCD00025B1BC /* libc.tbd */,
				400C80F21E40DCCB0025B1BC /* libc++.tbd */,
				400C80F01E40DCB90025B1BC /* ImageIO.framework */,
				400C80EE1E40DCB00025B1BC /* GLKit.framework */,
				400C80EC1E40DC8A0025B1BC /* CoreText.framework */,
				400C80EA1E40DC800025B1BC /* CoreLocation.framework */,
				400C80E81E40DC750025B1BC /* CoreGraphics.framework */,
				400C80E61E40DC660025B1BC /* CoreData.framework */,
				400C80E41E40DC500025B1BC /* Accelerate.framework */,
			);
			name = Frameworks;
			sourceTree = "<group>";
		};
		40A3A9521E3A923000316F51 = {
			isa = PBXGroup;
			children = (
				40A3A95D1E3A923100316F51 /* MNazar */,
				40A3A95C1E3A923100316F51 /* Products */,
				400C80E31E40DC500025B1BC /* Frameworks */,
			);
			sourceTree = "<group>";
		};
		40A3A95C1E3A923100316F51 /* Products */ = {
			isa = PBXGroup;
			children = (
				40A3A95B1E3A923100316F51 /* MNazar.app */,
			);
			name = Products;
			sourceTree = "<group>";
		};
		40A3A95D1E3A923100316F51 /* MNazar */ = {
			isa = PBXGroup;
			children = (
				40A3A95E1E3A923100316F51 /* AppDelegate.swift */,
				40A3A9651E3A923100316F51 /* Assets.xcassets */,
				40A3A9671E3A923100316F51 /* LaunchScreen.storyboard */,
				40A3A96A1E3A923100316F51 /* Info.plist */,
				40A3A9701E3A927800316F51 /* TrackViewController.swift */,
				40AF2B871E3FECDD002AC645 /* LocationData.swift */,
				40AF2B8B1E3FF4AC002AC645 /* TrackTableViewCell.swift */,
				400C80D91E40D9E70025B1BC /* MapViewController.swift */,
				400C80E11E40DB9B0025B1BC /* GoogleMaps.bundle */,
				400C80DF1E40DB1E0025B1BC /* GoogleMapsCore.framework */,
				400C80DD1E40DB0B0025B1BC /* GoogleMaps.framework */,
				400C80DB1E40DAE90025B1BC /* GoogleMapsBase.framework */,
			);
			path = MNazar;
			sourceTree = "<group>";
		};
/* End PBXGroup section */

/* Begin PBXNativeTarget section */
		40A3A95A1E3A923000316F51 /* MNazar */ = {
			isa = PBXNativeTarget;
			buildConfigurationList = 40A3A96D1E3A923100316F51 /* Build configuration list for PBXNativeTarget "MNazar" */;
			buildPhases = (
				40A3A9571E3A923000316F51 /* Sources */,
				40A3A9581E3A923000316F51 /* Frameworks */,
				40A3A9591E3A923000316F51 /* Resources */,
			);
			buildRules = (
			);
			dependencies = (
			);
			name = MNazar;
			productName = MNazar;
			productReference = 40A3A95B1E3A923100316F51 /* MNazar.app */;
			productType = "com.apple.product-type.application";
		};
/* End PBXNativeTarget section */

/* Begin PBXProject section */
		40A3A9531E3A923000316F51 /* Project object */ = {
			isa = PBXProject;
			attributes = {
				LastSwiftUpdateCheck = 0820;
				LastUpgradeCheck = 0820;
				ORGANIZATIONNAME = org.adiproject;
				TargetAttributes = {
					40A3A95A1E3A923000316F51 = {
						CreatedOnToolsVersion = 8.2.1;
						DevelopmentTeam = 6C5MLKPA5N;
						ProvisioningStyle = Automatic;
					};
				};
			};
			buildConfigurationList = 40A3A9561E3A923000316F51 /* Build configuration list for PBXProject "MNazar" */;
			compatibilityVersion = "Xcode 3.2";
			developmentRegion = English;
			hasScannedForEncodings = 0;
			knownRegions = (
				en,
				Base,
			);
			mainGroup = 40A3A9521E3A923000316F51;
			productRefGroup = 40A3A95C1E3A923100316F51 /* Products */;
			projectDirPath = "";
			projectRoot = "";
			targets = (
				40A3A95A1E3A923000316F51 /* MNazar */,
			);
		};
/* End PBXProject section */

/* Begin PBXResourcesBuildPhase section */
		40A3A9591E3A923000316F51 /* Resources */ = {
			isa = PBXResourcesBuildPhase;
			buildActionMask = 2147483647;
			files = (
				400C80E21E40DB9B0025B1BC /* GoogleMaps.bundle in Resources */,
				40A3A9691E3A923100316F51 /* LaunchScreen.storyboard in Resources */,
				40A3A9661E3A923100316F51 /* Assets.xcassets in Resources */,
			);
			runOnlyForDeploymentPostprocessing = 0;
		};
/* End PBXResourcesBuildPhase section */

/* Begin PBXSourcesBuildPhase section */
		40A3A9571E3A923000316F51 /* Sources */ = {
			isa = PBXSourcesBuildPhase;
			buildActionMask = 2147483647;
			files = (
				40AF2B8C1E3FF4AC002AC645 /* TrackTableViewCell.swift in Sources */,
				40AF2B881E3FECDD002AC645 /* LocationData.swift in Sources */,
				40A3A9711E3A927800316F51 /* TrackViewController.swift in Sources */,
				400C80DA1E40D9E70025B1BC /* MapViewController.swift in Sources */,
				40A3A95F1E3A923100316F51 /* AppDelegate.swift in Sources */,
			);
			runOnlyForDeploymentPostprocessing = 0;
		};
/* End PBXSourcesBuildPhase section */

/* Begin PBXVariantGroup section */
		40A3A9671E3A923100316F51 /* LaunchScreen.storyboard */ = {
			isa = PBXVariantGroup;
			children = (
				40A3A9681E3A923100316F51 /* Base */,
			);
			name = LaunchScreen.storyboard;
			sourceTree = "<group>";
		};
/* End PBXVariantGroup section */

/* Begin XCBuildConfiguration section */
		40A3A96B1E3A923100316F51 /* Debug */ = {
			isa = XCBuildConfiguration;
			buildSettings = {
				ALWAYS_SEARCH_USER_PATHS = NO;
				CLANG_ANALYZER_NONNULL = YES;
				CLANG_CXX_LANGUAGE_STANDARD = "gnu++0x";
				CLANG_CXX_LIBRARY = "libc++";
				CLANG_ENABLE_MODULES = YES;
				CLANG_ENABLE_OBJC_ARC = YES;
				CLANG_WARN_BOOL_CONVERSION = YES;
				CLANG_WARN_CONSTANT_CONVERSION = YES;
				CLANG_WARN_DIRECT_OBJC_ISA_USAGE = YES_ERROR;
				CLANG_WARN_DOCUMENTATION_COMMENTS = YES;
				CLANG_WARN_EMPTY_BODY = YES;
				CLANG_WARN_ENUM_CONVERSION = YES;
				CLANG_WARN_INFINITE_RECURSION = YES;
				CLANG_WARN_INT_CONVERSION = YES;
				CLANG_WARN_OBJC_ROOT_CLASS = YES_ERROR;
				CLANG_WARN_SUSPICIOUS_MOVE = YES;
				CLANG_WARN_UNREACHABLE_CODE = YES;
				CLANG_WARN__DUPLICATE_METHOD_MATCH = YES;
				"CODE_SIGN_IDENTITY[sdk=iphoneos*]" = "iPhone Developer";
				COPY_PHASE_STRIP = NO;
				DEBUG_INFORMATION_FORMAT = dwarf;
				ENABLE_STRICT_OBJC_MSGSEND = YES;
				ENABLE_TESTABILITY = YES;
				GCC_C_LANGUAGE_STANDARD = gnu99;
				GCC_DYNAMIC_NO_PIC = NO;
				GCC_NO_COMMON_BLOCKS = YES;
				GCC_OPTIMIZATION_LEVEL = 0;
				GCC_PREPROCESSOR_DEFINITIONS = (
					"DEBUG=1",
					"$(inherited)",
				);
				GCC_WARN_64_TO_32_BIT_CONVERSION = YES;
				GCC_WARN_ABOUT_RETURN_TYPE = YES_ERROR;
				GCC_WARN_UNDECLARED_SELECTOR = YES;
				GCC_WARN_UNINITIALIZED_AUTOS = YES_AGGRESSIVE;
				GCC_WARN_UNUSED_FUNCTION = YES;
				GCC_WARN_UNUSED_VARIABLE = YES;
				IPHONEOS_DEPLOYMENT_TARGET = 10.2;
				MTL_ENABLE_DEBUG_INFO = YES;
				ONLY_ACTIVE_ARCH = YES;
				SDKROOT = iphoneos;
				SWIFT_ACTIVE_COMPILATION_CONDITIONS = DEBUG;
				SWIFT_OPTIMIZATION_LEVEL = "-Onone";
			};
			name = Debug;
		};
		40A3A96C1E3A923100316F51 /* Release */ = {
			isa = XCBuildConfiguration;
			buildSettings = {
				ALWAYS_SEARCH_USER_PATHS = NO;
				CLANG_ANALYZER_NONNULL = YES;
				CLANG_CXX_LANGUAGE_STANDARD = "gnu++0x";
				CLANG_CXX_LIBRARY = "libc++";
				CLANG_ENABLE_MODULES = YES;
				CLANG_ENABLE_OBJC_ARC = YES;
				CLANG_WARN_BOOL_CONVERSION = YES;
				CLANG_WARN_CONSTANT_CONVERSION = YES;
				CLANG_WARN_DIRECT_OBJC_ISA_USAGE = YES_ERROR;
				CLANG_WARN_DOCUMENTATION_COMMENTS = YES;
				CLANG_WARN_EMPTY_BODY = YES;
				CLANG_WARN_ENUM_CONVERSION = YES;
				CLANG_WARN_INFINITE_RECURSION = YES;
				CLANG_WARN_INT_CONVERSION = YES;
				CLANG_WARN_OBJC_ROOT_CLASS = YES_ERROR;
				CLANG_WARN_SUSPICIOUS_MOVE = YES;
				CLANG_WARN_UNREACHABLE_CODE = YES;
				CLANG_WARN__DUPLICATE_METHOD_MATCH = YES;
				"CODE_SIGN_IDENTITY[sdk=iphoneos*]" = "iPhone Developer";
				COPY_PHASE_STRIP = NO;
				DEBUG_INFORMATION_FORMAT = "dwarf-with-dsym";
				ENABLE_NS_ASSERTIONS = NO;
				ENABLE_STRICT_OBJC_MSGSEND = YES;
				GCC_C_LANGUAGE_STANDARD = gnu99;
				GCC_NO_COMMON_BLOCKS = YES;
				GCC_WARN_64_TO_32_BIT_CONVERSION = YES;
				GCC_WARN_ABOUT_RETURN_TYPE = YES_ERROR;
				GCC_WARN_UNDECLARED_SELECTOR = YES;
				GCC_WARN_UNINITIALIZED_AUTOS = YES_AGGRESSIVE;
				GCC_WARN_UNUSED_FUNCTION = YES;
				GCC_WARN_UNUSED_VARIABLE = YES;
				IPHONEOS_DEPLOYMENT_TARGET = 10.2;
				MTL_ENABLE_DEBUG_INFO = NO;
				SDKROOT = iphoneos;
				SWIFT_OPTIMIZATION_LEVEL = "-Owholemodule";
				VALIDATE_PRODUCT = YES;
			};
			name = Release;
		};
		40A3A96E1E3A923100316F51 /* Debug */ = {
			isa = XCBuildConfiguration;
			buildSettings = {
				ASSETCATALOG_COMPILER_APPICON_NAME = AppIcon;
				DEVELOPMENT_TEAM = 6C5MLKPA5N;
				FRAMEWORK_SEARCH_PATHS = (
					"$(inherited)",
					"$(PROJECT_DIR)/MNazar",
				);
				INFOPLIST_FILE = MNazar/Info.plist;
				LD_RUNPATH_SEARCH_PATHS = "$(inherited) @executable_path/Frameworks";
				PRODUCT_BUNDLE_IDENTIFIER = Adi.MNazar;
				PRODUCT_NAME = "$(TARGET_NAME)";
				SWIFT_VERSION = 3.0;
			};
			name = Debug;
		};
		40A3A96F1E3A923100316F51 /* Release */ = {
			isa = XCBuildConfiguration;
			buildSettings = {
				ASSETCATALOG_COMPILER_APPICON_NAME = AppIcon;
				DEVELOPMENT_TEAM = 6C5MLKPA5N;
				FRAMEWORK_SEARCH_PATHS = (
					"$(inherited)",
					"$(PROJECT_DIR)/MNazar",
				);
				INFOPLIST_FILE = MNazar/Info.plist;
				LD_RUNPATH_SEARCH_PATHS = "$(inherited) @executable_path/Frameworks";
				PRODUCT_BUNDLE_IDENTIFIER = Adi.MNazar;
				PRODUCT_NAME = "$(TARGET_NAME)";
				SWIFT_VERSION = 3.0;
			};
			name = Release;
		};
/* End XCBuildConfiguration section */

/* Begin XCConfigurationList section */
		40A3A9561E3A923000316F51 /* Build configuration list for PBXProject "MNazar" */ = {
			isa = XCConfigurationList;
			buildConfigurations = (
				40A3A96B1E3A923100316F51 /* Debug */,
				40A3A96C1E3A923100316F51 /* Release */,
			);
			defaultConfigurationIsVisible = 0;
			defaultConfigurationName = Release;
		};
		40A3A96D1E3A923100316F51 /* Build configuration list for PBXNativeTarget "MNazar" */ = {
			isa = XCConfigurationList;
			buildConfigurations = (
				40A3A96E1E3A923100316F51 /* Debug */,
				40A3A96F1E3A923100316F51 /* Release */,
			);
			defaultConfigurationIsVisible = 0;
			defaultConfigurationName = Release;
		};
/* End XCConfigurationList section */
	};
	rootObject = 40A3A9531E3A923000316F51 /* Project object */;
}
